PODS:
  - Protobuf (3.22.1)
  - SSZipArchive (2.1.5)

DEPENDENCIES:
  - Protobuf (= 3.22.1)
  - SSZipArchive (~> 2.1.4)

SPEC REPOS:
  trunk:
    - Protobuf
    - SSZipArchive

SPEC CHECKSUMS:
  Protobuf: d7f7c8329edf5eb8af65547a8ba3e9c1cee927d5
  SSZipArchive: cefe1364104a0231268a5deb8495bdf2861f52f0

PODFILE CHECKSUM: 113c7d1db409f5870848a62af1d05322864b816b

COCOAPODS: 1.14.3
